// !$*UTF8*$!
{
	archiveVersion = 1;
	classes = {
	};
	objectVersion = 46;
	objects = {

/* Begin PBXBuildFile section */
		5D56751E4EA518FED8753C93 /* Pods_Timeline.framework in Frameworks */ = {isa = PBXBuildFile; fileRef = 018265666F7B9EC8418185E2 /* Pods_Timeline.framework */; };
		770E0ED31F3F4C1100C58BA4 /* Data.swift in Sources */ = {isa = PBXBuildFile; fileRef = 770E0ED21F3F4C1100C58BA4 /* Data.swift */; };
		773F1CB21F29A3A60056253A /* AppDelegate.swift in Sources */ = {isa = PBXBuildFile; fileRef = 773F1CB11F29A3A60056253A /* AppDelegate.swift */; };
		773F1CB71F29A3A60056253A /* Main.storyboard in Resources */ = {isa = PBXBuildFile; fileRef = 773F1CB51F29A3A60056253A /* Main.storyboard */; };
		773F1CB91F29A3A60056253A /* Assets.xcassets in Resources */ = {isa = PBXBuildFile; fileRef = 773F1CB81F29A3A60056253A /* Assets.xcassets */; };
		773F1CBC1F29A3A60056253A /* LaunchScreen.storyboard in Resources */ = {isa = PBXBuildFile; fileRef = 773F1CBA1F29A3A60056253A /* LaunchScreen.storyboard */; };
		773F1CC61F29A9150056253A /* TimelineTableViewController.swift in Sources */ = {isa = PBXBuildFile; fileRef = 773F1CC51F29A9150056253A /* TimelineTableViewController.swift */; };
		773F1CC81F29ADED0056253A /* TimelineTableViewCell.swift in Sources */ = {isa = PBXBuildFile; fileRef = 773F1CC71F29ADED0056253A /* TimelineTableViewCell.swift */; };
		779644161F38A9BB00BE1894 /* GoogleService-Info.plist in Resources */ = {isa = PBXBuildFile; fileRef = 779644151F38A9BB00BE1894 /* GoogleService-Info.plist */; };
		77C566D21F3EEE850031B3DA /* AddNavigationController.swift in Sources */ = {isa = PBXBuildFile; fileRef = 77C566D11F3EEE850031B3DA /* AddNavigationController.swift */; };
		77C566D41F3EFE3F0031B3DA /* UploadViewController.swift in Sources */ = {isa = PBXBuildFile; fileRef = 77C566D31F3EFE3F0031B3DA /* UploadViewController.swift */; };
/* End PBXBuildFile section */

/* Begin PBXFileReference section */
		018265666F7B9EC8418185E2 /* Pods_Timeline.framework */ = {isa = PBXFileReference; explicitFileType = wrapper.framework; includeInIndex = 0; path = Pods_Timeline.framework; sourceTree = BUILT_PRODUCTS_DIR; };
		770E0ED21F3F4C1100C58BA4 /* Data.swift */ = {isa = PBXFileReference; fileEncoding = 4; lastKnownFileType = sourcecode.swift; path = Data.swift; sourceTree = "<group>"; };
		773F1CAE1F29A3A60056253A /* Timeline.app */ = {isa = PBXFileReference; explicitFileType = wrapper.application; includeInIndex = 0; path = Timeline.app; sourceTree = BUILT_PRODUCTS_DIR; };
		773F1CB11F29A3A60056253A /* AppDelegate.swift */ = {isa = PBXFileReference; lastKnownFileType = sourcecode.swift; path = AppDelegate.swift; sourceTree = "<group>"; };
		773F1CB61F29A3A60056253A /* Base */ = {isa = PBXFileReference; lastKnownFileType = file.storyboard; name = Base; path = Base.lproj/Main.storyboard; sourceTree = "<group>"; };
		773F1CB81F29A3A60056253A /* Assets.xcassets */ = {isa = PBXFileReference; lastKnownFileType = folder.assetcatalog; path = Assets.xcassets; sourceTree = "<group>"; };
		773F1CBB1F29A3A60056253A /* Base */ = {isa = PBXFileReference; lastKnownFileType = file.storyboard; name = Base; path = Base.lproj/LaunchScreen.storyboard; sourceTree = "<group>"; };
		773F1CBD1F29A3A60056253A /* Info.plist */ = {isa = PBXFileReference; lastKnownFileType = text.plist.xml; path = Info.plist; sourceTree = "<group>"; };
		773F1CC51F29A9150056253A /* TimelineTableViewController.swift */ = {isa = PBXFileReference; fileEncoding = 4; lastKnownFileType = sourcecode.swift; path = TimelineTableViewController.swift; sourceTree = "<group>"; };
		773F1CC71F29ADED0056253A /* TimelineTableViewCell.swift */ = {isa = PBXFileReference; fileEncoding = 4; lastKnownFileType = sourcecode.swift; path = TimelineTableViewCell.swift; sourceTree = "<group>"; };
		779644151F38A9BB00BE1894 /* GoogleService-Info.plist */ = {isa = PBXFileReference; fileEncoding = 4; lastKnownFileType = text.plist.xml; path = "GoogleService-Info.plist"; sourceTree = "<group>"; };
		77C566D11F3EEE850031B3DA /* AddNavigationController.swift */ = {isa = PBXFileReference; fileEncoding = 4; lastKnownFileType = sourcecode.swift; path = AddNavigationController.swift; sourceTree = "<group>"; };
		77C566D31F3EFE3F0031B3DA /* UploadViewController.swift */ = {isa = PBXFileReference; fileEncoding = 4; lastKnownFileType = sourcecode.swift; path = UploadViewController.swift; sourceTree = "<group>"; };
		BA7C63DCA2E81D25CDAD4B99 /* Pods-Timeline.release.xcconfig */ = {isa = PBXFileReference; includeInIndex = 1; lastKnownFileType = text.xcconfig; name = "Pods-Timeline.release.xcconfig"; path = "Pods/Target Support Files/Pods-Timeline/Pods-Timeline.release.xcconfig"; sourceTree = "<group>"; };
		C11A54689FBDC4360C0FB91E /* Pods-Timeline.debug.xcconfig */ = {isa = PBXFileReference; includeInIndex = 1; lastKnownFileType = text.xcconfig; name = "Pods-Timeline.debug.xcconfig"; path = "Pods/Target Support Files/Pods-Timeline/Pods-Timeline.debug.xcconfig"; sourceTree = "<group>"; };
/* End PBXFileReference section */

/* Begin PBXFrameworksBuildPhase section */
		773F1CAB1F29A3A60056253A /* Frameworks */ = {
			isa = PBXFrameworksBuildPhase;
			buildActionMask = 2147483647;
			files = (
				5D56751E4EA518FED8753C93 /* Pods_Timeline.framework in Frameworks */,
			);
			runOnlyForDeploymentPostprocessing = 0;
		};
/* End PBXFrameworksBuildPhase section */

/* Begin PBXGroup section */
		773F1CA51F29A3A60056253A = {
			isa = PBXGroup;
			children = (
				773F1CB01F29A3A60056253A /* Timeline */,
				773F1CAF1F29A3A60056253A /* Products */,
				ECEDBF77EBB98F6E0C45F43E /* Pods */,
				FFE83B8F496138B8725AF52A /* Frameworks */,
			);
			sourceTree = "<group>";
		};
		773F1CAF1F29A3A60056253A /* Products */ = {
			isa = PBXGroup;
			children = (
				773F1CAE1F29A3A60056253A /* Timeline.app */,
			);
			name = Products;
			sourceTree = "<group>";
		};
		773F1CB01F29A3A60056253A /* Timeline */ = {
			isa = PBXGroup;
			children = (
				773F1CB11F29A3A60056253A /* AppDelegate.swift */,
				773F1CB51F29A3A60056253A /* Main.storyboard */,
				77C566D31F3EFE3F0031B3DA /* UploadViewController.swift */,
				77C566D11F3EEE850031B3DA /* AddNavigationController.swift */,
				773F1CC71F29ADED0056253A /* TimelineTableViewCell.swift */,
				773F1CC51F29A9150056253A /* TimelineTableViewController.swift */,
				770E0ED21F3F4C1100C58BA4 /* Data.swift */,
				773F1CB81F29A3A60056253A /* Assets.xcassets */,
				773F1CBA1F29A3A60056253A /* LaunchScreen.storyboard */,
				773F1CBD1F29A3A60056253A /* Info.plist */,
				779644151F38A9BB00BE1894 /* GoogleService-Info.plist */,
			);
			path = Timeline;
			sourceTree = "<group>";
		};
		ECEDBF77EBB98F6E0C45F43E /* Pods */ = {
			isa = PBXGroup;
			children = (
				C11A54689FBDC4360C0FB91E /* Pods-Timeline.debug.xcconfig */,
				BA7C63DCA2E81D25CDAD4B99 /* Pods-Timeline.release.xcconfig */,
			);
			name = Pods;
			sourceTree = "<group>";
		};
		FFE83B8F496138B8725AF52A /* Frameworks */ = {
			isa = PBXGroup;
			children = (
				018265666F7B9EC8418185E2 /* Pods_Timeline.framework */,
			);
			name = Frameworks;
			sourceTree = "<group>";
		};
/* End PBXGroup section */

/* Begin PBXNativeTarget section */
		773F1CAD1F29A3A60056253A /* Timeline */ = {
			isa = PBXNativeTarget;
			buildConfigurationList = 773F1CC01F29A3A60056253A /* Build configuration list for PBXNativeTarget "Timeline" */;
			buildPhases = (
				16F96317436745C391E3673C /* [CP] Check Pods Manifest.lock */,
				773F1CAA1F29A3A60056253A /* Sources */,
				773F1CAB1F29A3A60056253A /* Frameworks */,
				773F1CAC1F29A3A60056253A /* Resources */,
				1D470E2E521D487ABE7D16F8 /* [CP] Embed Pods Frameworks */,
				893A27B75C2347AD814B197E /* [CP] Copy Pods Resources */,
			);
			buildRules = (
			);
			dependencies = (
			);
			name = Timeline;
			productName = Timeline;
			productReference = 773F1CAE1F29A3A60056253A /* Timeline.app */;
			productType = "com.apple.product-type.application";
		};
/* End PBXNativeTarget section */

/* Begin PBXProject section */
		773F1CA61F29A3A60056253A /* Project object */ = {
			isa = PBXProject;
			attributes = {
				LastSwiftUpdateCheck = 0830;
				LastUpgradeCheck = 0830;
				ORGANIZATIONNAME = pbw;
				TargetAttributes = {
					773F1CAD1F29A3A60056253A = {
						CreatedOnToolsVersion = 8.3.2;
						ProvisioningStyle = Automatic;
					};
				};
			};
			buildConfigurationList = 773F1CA91F29A3A60056253A /* Build configuration list for PBXProject "Timeline" */;
			compatibilityVersion = "Xcode 3.2";
			developmentRegion = English;
			hasScannedForEncodings = 0;
			knownRegions = (
				en,
				Base,
			);
			mainGroup = 773F1CA51F29A3A60056253A;
			productRefGroup = 773F1CAF1F29A3A60056253A /* Products */;
			projectDirPath = "";
			projectRoot = "";
			targets = (
				773F1CAD1F29A3A60056253A /* Timeline */,
			);
		};
/* End PBXProject section */

/* Begin PBXResourcesBuildPhase section */
		773F1CAC1F29A3A60056253A /* Resources */ = {
			isa = PBXResourcesBuildPhase;
			buildActionMask = 2147483647;
			files = (
				773F1CBC1F29A3A60056253A /* LaunchScreen.storyboard in Resources */,
				779644161F38A9BB00BE1894 /* GoogleService-Info.plist in Resources */,
				773F1CB91F29A3A60056253A /* Assets.xcassets in Resources */,
				773F1CB71F29A3A60056253A /* Main.storyboard in Resources */,
			);
			runOnlyForDeploymentPostprocessing = 0;
		};
/* End PBXResourcesBuildPhase section */

/* Begin PBXShellScriptBuildPhase section */
		16F96317436745C391E3673C /* [CP] Check Pods Manifest.lock */ = {
			isa = PBXShellScriptBuildPhase;
			buildActionMask = 2147483647;
			files = (
			);
			inputPaths = (
				"${PODS_PODFILE_DIR_PATH}/Podfile.lock",
				"${PODS_ROOT}/Manifest.lock",
			);
			name = "[CP] Check Pods Manifest.lock";
			outputPaths = (
				"$(DERIVED_FILE_DIR)/Pods-Timeline-checkManifestLockResult.txt",
			);
			runOnlyForDeploymentPostprocessing = 0;
			shellPath = /bin/sh;
			shellScript = "diff \"${PODS_PODFILE_DIR_PATH}/Podfile.lock\" \"${PODS_ROOT}/Manifest.lock\" > /dev/null\nif [ $? != 0 ] ; then\n    # print error to STDERR\n    echo \"error: The sandbox is not in sync with the Podfile.lock. Run 'pod install' or update your CocoaPods installation.\" >&2\n    exit 1\nfi\n# This output is used by Xcode 'outputs' to avoid re-running this script phase.\necho \"SUCCESS\" > \"${SCRIPT_OUTPUT_FILE_0}\"\n";
			showEnvVarsInLog = 0;
		};
		1D470E2E521D487ABE7D16F8 /* [CP] Embed Pods Frameworks */ = {
			isa = PBXShellScriptBuildPhase;
			buildActionMask = 2147483647;
			files = (
			);
			inputPaths = (
				"${SRCROOT}/Pods/Target Support Files/Pods-Timeline/Pods-Timeline-frameworks.sh",
				"${BUILT_PRODUCTS_DIR}/Fusuma/Fusuma.framework",
				"${BUILT_PRODUCTS_DIR}/GTMSessionFetcher/GTMSessionFetcher.framework",
				"${BUILT_PRODUCTS_DIR}/GoogleToolboxForMac/GoogleToolboxForMac.framework",
				"${BUILT_PRODUCTS_DIR}/nanopb/nanopb.framework",
			);
			name = "[CP] Embed Pods Frameworks";
			outputPaths = (
				"${TARGET_BUILD_DIR}/${FRAMEWORKS_FOLDER_PATH}/Fusuma.framework",
				"${TARGET_BUILD_DIR}/${FRAMEWORKS_FOLDER_PATH}/GTMSessionFetcher.framework",
				"${TARGET_BUILD_DIR}/${FRAMEWORKS_FOLDER_PATH}/GoogleToolboxForMac.framework",
				"${TARGET_BUILD_DIR}/${FRAMEWORKS_FOLDER_PATH}/nanopb.framework",
			);
			runOnlyForDeploymentPostprocessing = 0;
			shellPath = /bin/sh;
			shellScript = "\"${SRCROOT}/Pods/Target Support Files/Pods-Timeline/Pods-Timeline-frameworks.sh\"\n";
			showEnvVarsInLog = 0;
		};
		893A27B75C2347AD814B197E /* [CP] Copy Pods Resources */ = {
			isa = PBXShellScriptBuildPhase;
			buildActionMask = 2147483647;
			files = (
			);
			inputPaths = (
			);
			name = "[CP] Copy Pods Resources";
			outputPaths = (
			);
			runOnlyForDeploymentPostprocessing = 0;
			shellPath = /bin/sh;
			shellScript = "\"${SRCROOT}/Pods/Target Support Files/Pods-Timeline/Pods-Timeline-resources.sh\"\n";
			showEnvVarsInLog = 0;
		};
/* End PBXShellScriptBuildPhase section */

/* Begin PBXSourcesBuildPhase section */
		773F1CAA1F29A3A60056253A /* Sources */ = {
			isa = PBXSourcesBuildPhase;
			buildActionMask = 2147483647;
			files = (
				773F1CC61F29A9150056253A /* TimelineTableViewController.swift in Sources */,
				770E0ED31F3F4C1100C58BA4 /* Data.swift in Sources */,
				77C566D41F3EFE3F0031B3DA /* UploadViewController.swift in Sources */,
				773F1CC81F29ADED0056253A /* TimelineTableViewCell.swift in Sources */,
				77C566D21F3EEE850031B3DA /* AddNavigationController.swift in Sources */,
				773F1CB21F29A3A60056253A /* AppDelegate.swift in Sources */,
			);
			runOnlyForDeploymentPostprocessing = 0;
		};
/* End PBXSourcesBuildPhase section */

/* Begin PBXVariantGroup section */
		773F1CB51F29A3A60056253A /* Main.storyboard */ = {
			isa = PBXVariantGroup;
			children = (
				773F1CB61F29A3A60056253A /* Base */,
			);
			name = Main.storyboard;
			sourceTree = "<group>";
		};
		773F1CBA1F29A3A60056253A /* LaunchScreen.storyboard */ = {
			isa = PBXVariantGroup;
			children = (
				773F1CBB1F29A3A60056253A /* Base */,
			);
			name = LaunchScreen.storyboard;
			sourceTree = "<group>";
		};
/* End PBXVariantGroup section */

/* Begin XCBuildConfiguration section */
		773F1CBE1F29A3A60056253A /* Debug */ = {
			isa = XCBuildConfiguration;
			buildSettings = {
				ALWAYS_SEARCH_USER_PATHS = NO;
				CLANG_ANALYZER_NONNULL = YES;
				CLANG_ANALYZER_NUMBER_OBJECT_CONVERSION = YES_AGGRESSIVE;
				CLANG_CXX_LANGUAGE_STANDARD = "gnu++0x";
				CLANG_CXX_LIBRARY = "libc++";
				CLANG_ENABLE_MODULES = YES;
				CLANG_ENABLE_OBJC_ARC = YES;
				CLANG_WARN_BOOL_CONVERSION = YES;
				CLANG_WARN_CONSTANT_CONVERSION = YES;
				CLANG_WARN_DIRECT_OBJC_ISA_USAGE = YES_ERROR;
				CLANG_WARN_DOCUMENTATION_COMMENTS = YES;
				CLANG_WARN_EMPTY_BODY = YES;
				CLANG_WARN_ENUM_CONVERSION = YES;
				CLANG_WARN_INFINITE_RECURSION = YES;
				CLANG_WARN_INT_CONVERSION = YES;
				CLANG_WARN_OBJC_ROOT_CLASS = YES_ERROR;
				CLANG_WARN_SUSPICIOUS_MOVE = YES;
				CLANG_WARN_UNREACHABLE_CODE = YES;
				CLANG_WARN__DUPLICATE_METHOD_MATCH = YES;
				"CODE_SIGN_IDENTITY[sdk=iphoneos*]" = "iPhone Developer";
				COPY_PHASE_STRIP = NO;
				DEBUG_INFORMATION_FORMAT = dwarf;
				ENABLE_STRICT_OBJC_MSGSEND = YES;
				ENABLE_TESTABILITY = YES;
				GCC_C_LANGUAGE_STANDARD = gnu99;
				GCC_DYNAMIC_NO_PIC = NO;
				GCC_NO_COMMON_BLOCKS = YES;
				GCC_OPTIMIZATION_LEVEL = 0;
				GCC_PREPROCESSOR_DEFINITIONS = (
					"DEBUG=1",
					"$(inherited)",
				);
				GCC_WARN_64_TO_32_BIT_CONVERSION = YES;
				GCC_WARN_ABOUT_RETURN_TYPE = YES_ERROR;
				GCC_WARN_UNDECLARED_SELECTOR = YES;
				GCC_WARN_UNINITIALIZED_AUTOS = YES_AGGRESSIVE;
				GCC_WARN_UNUSED_FUNCTION = YES;
				GCC_WARN_UNUSED_VARIABLE = YES;
				IPHONEOS_DEPLOYMENT_TARGET = 10.3;
				MTL_ENABLE_DEBUG_INFO = YES;
				ONLY_ACTIVE_ARCH = YES;
				SDKROOT = iphoneos;
				SWIFT_ACTIVE_COMPILATION_CONDITIONS = DEBUG;
				SWIFT_OPTIMIZATION_LEVEL = "-Onone";
				TARGETED_DEVICE_FAMILY = "1,2";
			};
			name = Debug;
		};
		773F1CBF1F29A3A60056253A /* Release */ = {
			isa = XCBuildConfiguration;
			buildSettings = {
				ALWAYS_SEARCH_USER_PATHS = NO;
				CLANG_ANALYZER_NONNULL = YES;
				CLANG_ANALYZER_NUMBER_OBJECT_CONVERSION = YES_AGGRESSIVE;
				CLANG_CXX_LANGUAGE_STANDARD = "gnu++0x";
				CLANG_CXX_LIBRARY = "libc++";
				CLANG_ENABLE_MODULES = YES;
				CLANG_ENABLE_OBJC_ARC = YES;
				CLANG_WARN_BOOL_CONVERSION = YES;
				CLANG_WARN_CONSTANT_CONVERSION = YES;
				CLANG_WARN_DIRECT_OBJC_ISA_USAGE = YES_ERROR;
				CLANG_WARN_DOCUMENTATION_COMMENTS = YES;
				CLANG_WARN_EMPTY_BODY = YES;
				CLANG_WARN_ENUM_CONVERSION = YES;
				CLANG_WARN_INFINITE_RECURSION = YES;
				CLANG_WARN_INT_CONVERSION = YES;
				CLANG_WARN_OBJC_ROOT_CLASS = YES_ERROR;
				CLANG_WARN_SUSPICIOUS_MOVE = YES;
				CLANG_WARN_UNREACHABLE_CODE = YES;
				CLANG_WARN__DUPLICATE_METHOD_MATCH = YES;
				"CODE_SIGN_IDENTITY[sdk=iphoneos*]" = "iPhone Developer";
				COPY_PHASE_STRIP = NO;
				DEBUG_INFORMATION_FORMAT = "dwarf-with-dsym";
				ENABLE_NS_ASSERTIONS = NO;
				ENABLE_STRICT_OBJC_MSGSEND = YES;
				GCC_C_LANGUAGE_STANDARD = gnu99;
				GCC_NO_COMMON_BLOCKS = YES;
				GCC_WARN_64_TO_32_BIT_CONVERSION = YES;
				GCC_WARN_ABOUT_RETURN_TYPE = YES_ERROR;
				GCC_WARN_UNDECLARED_SELECTOR = YES;
				GCC_WARN_UNINITIALIZED_AUTOS = YES_AGGRESSIVE;
				GCC_WARN_UNUSED_FUNCTION = YES;
				GCC_WARN_UNUSED_VARIABLE = YES;
				IPHONEOS_DEPLOYMENT_TARGET = 10.3;
				MTL_ENABLE_DEBUG_INFO = NO;
				SDKROOT = iphoneos;
				SWIFT_OPTIMIZATION_LEVEL = "-Owholemodule";
				TARGETED_DEVICE_FAMILY = "1,2";
				VALIDATE_PRODUCT = YES;
			};
			name = Release;
		};
		773F1CC11F29A3A60056253A /* Debug */ = {
			isa = XCBuildConfiguration;
			baseConfigurationReference = C11A54689FBDC4360C0FB91E /* Pods-Timeline.debug.xcconfig */;
			buildSettings = {
				ASSETCATALOG_COMPILER_APPICON_NAME = AppIcon;
				INFOPLIST_FILE = Timeline/Info.plist;
				LD_RUNPATH_SEARCH_PATHS = "$(inherited) @executable_path/Frameworks";
				PRODUCT_BUNDLE_IDENTIFIER = pbw.Timeline;
				PRODUCT_NAME = "$(TARGET_NAME)";
				SWIFT_VERSION = 3.0;
			};
			name = Debug;
		};
		773F1CC21F29A3A60056253A /* Release */ = {
			isa = XCBuildConfiguration;
			baseConfigurationReference = BA7C63DCA2E81D25CDAD4B99 /* Pods-Timeline.release.xcconfig */;
			buildSettings = {
				ASSETCATALOG_COMPILER_APPICON_NAME = AppIcon;
				INFOPLIST_FILE = Timeline/Info.plist;
				LD_RUNPATH_SEARCH_PATHS = "$(inherited) @executable_path/Frameworks";
				PRODUCT_BUNDLE_IDENTIFIER = pbw.Timeline;
				PRODUCT_NAME = "$(TARGET_NAME)";
				SWIFT_VERSION = 3.0;
			};
			name = Release;
		};
/* End XCBuildConfiguration section */

/* Begin XCConfigurationList section */
		773F1CA91F29A3A60056253A /* Build configuration list for PBXProject "Timeline" */ = {
			isa = XCConfigurationList;
			buildConfigurations = (
				773F1CBE1F29A3A60056253A /* Debug */,
				773F1CBF1F29A3A60056253A /* Release */,
			);
			defaultConfigurationIsVisible = 0;
			defaultConfigurationName = Release;
		};
		773F1CC01F29A3A60056253A /* Build configuration list for PBXNativeTarget "Timeline" */ = {
			isa = XCConfigurationList;
			buildConfigurations = (
				773F1CC11F29A3A60056253A /* Debug */,
				773F1CC21F29A3A60056253A /* Release */,
			);
			defaultConfigurationIsVisible = 0;
			defaultConfigurationName = Release;
		};
/* End XCConfigurationList section */
	};
	rootObject = 773F1CA61F29A3A60056253A /* Project object */;
}
